<?xml version="1.0" encoding="utf-8"?>
<Project ToolsVersion="4.0" xmlns="http://schemas.microsoft.com/developer/msbuild/2003">
  <ItemGroup>
    <Filter Include="资源文件">
      <UniqueIdentifier>{67DA6AB6-F800-4c08-8B7A-83BB121AAD01}</UniqueIdentifier>
      <Extensions>rc;ico;cur;bmp;dlg;rc2;rct;bin;rgs;gif;jpg;jpeg;jpe;resx;tiff;tif;png;wav;mfcribbon-ms</Extensions>
    </Filter>
    <Filter Include="Activities">
      <UniqueIdentifier>{4321d445-58c3-4ebd-8af0-74fd722c7881}</UniqueIdentifier>
    </Filter>
    <Filter Include="Scenes">
      <UniqueIdentifier>{d6d42f27-261f-4df2-bcc9-8669490fe413}</UniqueIdentifier>
    </Filter>
    <Filter Include="Game">
      <UniqueIdentifier>{787e72d9-9430-4ee7-870c-62d9206b208c}</UniqueIdentifier>
    </Filter>
    <Filter Include="Models">
      <UniqueIdentifier>{63fea06b-7ddb-4159-8590-e975d4627293}</UniqueIdentifier>
    </Filter>
    <Filter Include="Physics">
      <UniqueIdentifier>{cc47649d-1e17-4765-b218-c1958fb0fd17}</UniqueIdentifier>
    </Filter>
    <Filter Include="Units">
      <UniqueIdentifier>{d23d45d5-047b-4b4c-9cca-4432e6c78157}</UniqueIdentifier>
    </Filter>
    <Filter Include="Main">
      <UniqueIdentifier>{61eb2675-6809-4e52-9283-5b3612dccfc5}</UniqueIdentifier>
    </Filter>
  </ItemGroup>
  <ItemGroup>
    <ClInclude Include="API.h">
      <Filter>资源文件</Filter>
    </ClInclude>
    <ClInclude Include="resource.h">
      <Filter>资源文件</Filter>
    </ClInclude>
    <ClInclude Include="Activities\Act01_DefaultEntrance.h">
      <Filter>Activities</Filter>
    </ClInclude>
    <ClInclude Include="Activities\Act02_TestActivity.h">
      <Filter>Activities</Filter>
    </ClInclude>
    <ClInclude Include="Activities\Act03_Opening.h">
      <Filter>Activities</Filter>
    </ClInclude>
    <ClInclude Include="Activities\Act04_Load.h">
      <Filter>Activities</Filter>
    </ClInclude>
    <ClInclude Include="Activities\Act05_Title.h">
      <Filter>Activities</Filter>
    </ClInclude>
    <ClInclude Include="Activities\Act00_Debug.h">
      <Filter>Activities</Filter>
    </ClInclude>
    <ClInclude Include="Activities\Act06_Game.h">
      <Filter>Activities</Filter>
    </ClInclude>
    <ClInclude Include="Scenes\GameCommon.h">
      <Filter>Scenes</Filter>
    </ClInclude>
    <ClInclude Include="Scenes\ITitle.h">
      <Filter>Scenes</Filter>
    </ClInclude>
    <ClInclude Include="Scenes\Title.h">
      <Filter>Scenes</Filter>
    </ClInclude>
    <ClInclude Include="Game\TypeDef.h">
      <Filter>Game</Filter>
    </ClInclude>
    <ClInclude Include="Game\Entity.h">
      <Filter>Game</Filter>
    </ClInclude>
    <ClInclude Include="Game\Global.h">
      <Filter>Game</Filter>
    </ClInclude>
    <ClInclude Include="Game\Board.h">
      <Filter>Game</Filter>
    </ClInclude>
    <ClInclude Include="Game\Stage.h">
      <Filter>Game</Filter>
    </ClInclude>
    <ClInclude Include="Game\MsgResult.h">
      <Filter>Game</Filter>
    </ClInclude>
    <ClInclude Include="Game\Host.h">
      <Filter>Game</Filter>
    </ClInclude>
    <ClInclude Include="Models\ActorGroup.h">
      <Filter>Models</Filter>
    </ClInclude>
    <ClInclude Include="Models\AnimationFrames.h">
      <Filter>Models</Filter>
    </ClInclude>
    <ClInclude Include="Models\Ground.h">
      <Filter>Models</Filter>
    </ClInclude>
    <ClInclude Include="Models\AnimationSpine.h">
      <Filter>Models</Filter>
    </ClInclude>
    <ClInclude Include="Models\tiny_obj_loader.h">
      <Filter>Models</Filter>
    </ClInclude>
    <ClInclude Include="Models\IAnimation.h">
      <Filter>Models</Filter>
    </ClInclude>
    <ClInclude Include="Models\IGround.h">
      <Filter>Models</Filter>
    </ClInclude>
    <ClInclude Include="Models\Actor.h">
      <Filter>Models</Filter>
    </ClInclude>
    <ClInclude Include="Physics\IWorld.h">
      <Filter>Physics</Filter>
    </ClInclude>
    <ClInclude Include="Physics\IDetector.h">
      <Filter>Physics</Filter>
    </ClInclude>
    <ClInclude Include="Physics\IBody.h">
      <Filter>Physics</Filter>
    </ClInclude>
    <ClInclude Include="Physics\IWall.h">
      <Filter>Physics</Filter>
    </ClInclude>
    <ClInclude Include="Physics\World.h">
      <Filter>Physics</Filter>
    </ClInclude>
    <ClInclude Include="Physics\Detector.h">
      <Filter>Physics</Filter>
    </ClInclude>
    <ClInclude Include="Physics\IFixture.h">
      <Filter>Physics</Filter>
    </ClInclude>
    <ClInclude Include="Physics\Body.h">
      <Filter>Physics</Filter>
    </ClInclude>
    <ClInclude Include="Game\Attribute.h">
      <Filter>Game</Filter>
    </ClInclude>
    <ClInclude Include="Game\Modifier.h">
      <Filter>Game</Filter>
    </ClInclude>
    <ClInclude Include="Game\BasicMsgId.h">
      <Filter>Game</Filter>
    </ClInclude>
    <ClInclude Include="Game\AtkDmgHeal.h">
      <Filter>Game</Filter>
    </ClInclude>
    <ClInclude Include="Game\Ability.h">
      <Filter>Game</Filter>
    </ClInclude>
    <ClInclude Include="Game\Hook.h">
      <Filter>Game</Filter>
    </ClInclude>
    <ClInclude Include="Physics\Wall.h">
      <Filter>Physics</Filter>
    </ClInclude>
    <ClInclude Include="Game\IActor.h">
      <Filter>Game</Filter>
    </ClInclude>
    <ClInclude Include="Models\Shadow.h">
      <Filter>Models</Filter>
    </ClInclude>
    <ClInclude Include="Physics\FrictionBody.h">
      <Filter>Physics</Filter>
    </ClInclude>
    <ClInclude Include="Game\ActorVertex.h">
      <Filter>Game</Filter>
    </ClInclude>
    <ClInclude Include="Main\Creator.h">
      <Filter>Main</Filter>
    </ClInclude>
    <ClInclude Include="Main\EntityFactory.h">
      <Filter>Main</Filter>
    </ClInclude>
    <ClInclude Include="Main\HostMsgId.h">
      <Filter>Main</Filter>
    </ClInclude>
    <ClInclude Include="Main\Initalizator.h">
      <Filter>Main</Filter>
    </ClInclude>
    <ClInclude Include="Main\ISummonMngr.h">
      <Filter>Main</Filter>
    </ClInclude>
    <ClInclude Include="Main\MapHost.h">
      <Filter>Main</Filter>
    </ClInclude>
    <ClInclude Include="Main\Mover.h">
      <Filter>Main</Filter>
    </ClInclude>
    <ClInclude Include="Main\MsgId.h">
      <Filter>Main</Filter>
    </ClInclude>
    <ClInclude Include="Main\SummonMngr.h">
      <Filter>Main</Filter>
    </ClInclude>
    <ClInclude Include="Main\Tower.h">
      <Filter>Main</Filter>
    </ClInclude>
    <ClInclude Include="Units\char_101_sora.h">
      <Filter>Units</Filter>
    </ClInclude>
    <ClInclude Include="Units\char_101_sora_actor.h">
      <Filter>Units</Filter>
    </ClInclude>
    <ClInclude Include="Units\char_101_sora_factory.h">
      <Filter>Units</Filter>
    </ClInclude>
    <ClInclude Include="Units\char_128_plosis.h">
      <Filter>Units</Filter>
    </ClInclude>
    <ClInclude Include="Units\char_128_plosis_actor.h">
      <Filter>Units</Filter>
    </ClInclude>
    <ClInclude Include="Units\char_128_plosis_factory.h">
      <Filter>Units</Filter>
    </ClInclude>
    <ClInclude Include="Units\char_151_myrtle.h">
      <Filter>Units</Filter>
    </ClInclude>
    <ClInclude Include="Units\char_151_myrtle_actor.h">
      <Filter>Units</Filter>
    </ClInclude>
    <ClInclude Include="Units\char_151_myrtle_factory.h">
      <Filter>Units</Filter>
    </ClInclude>
    <ClInclude Include="Units\enemy_1002_nsabr.h">
      <Filter>Units</Filter>
    </ClInclude>
    <ClInclude Include="Units\enemy_1002_nsabr_actor.h">
      <Filter>Units</Filter>
    </ClInclude>
    <ClInclude Include="Units\enemy_1002_nsabr_factory.h">
      <Filter>Units</Filter>
    </ClInclude>
  </ItemGroup>
  <ItemGroup>
    <ResourceCompile Include="Client.rc">
      <Filter>资源文件</Filter>
    </ResourceCompile>
  </ItemGroup>
  <ItemGroup>
    <ClCompile Include="Activities\Act01_DefaultEntrance.cpp">
      <Filter>Activities</Filter>
    </ClCompile>
    <ClCompile Include="Activities\Act02_TestActivity.cpp">
      <Filter>Activities</Filter>
    </ClCompile>
    <ClCompile Include="Activities\Act03_Opening.cpp">
      <Filter>Activities</Filter>
    </ClCompile>
    <ClCompile Include="Activities\Act04_Load.cpp">
      <Filter>Activities</Filter>
    </ClCompile>
    <ClCompile Include="Activities\Act05_Title.cpp">
      <Filter>Activities</Filter>
    </ClCompile>
    <ClCompile Include="Activities\Act00_Debug.cpp">
      <Filter>Activities</Filter>
    </ClCompile>
    <ClCompile Include="Activities\Act06_Game.cpp">
      <Filter>Activities</Filter>
    </ClCompile>
    <ClCompile Include="Scenes\GameCommon.cpp">
      <Filter>Scenes</Filter>
    </ClCompile>
    <ClCompile Include="Scenes\ITitle.cpp">
      <Filter>Scenes</Filter>
    </ClCompile>
    <ClCompile Include="Scenes\Title.cpp">
      <Filter>Scenes</Filter>
    </ClCompile>
    <ClCompile Include="API.cpp">
      <Filter>资源文件</Filter>
    </ClCompile>
    <ClCompile Include="Game\Entity.cpp">
      <Filter>Game</Filter>
    </ClCompile>
    <ClCompile Include="Game\Global.cpp">
      <Filter>Game</Filter>
    </ClCompile>
    <ClCompile Include="Game\Board.cpp">
      <Filter>Game</Filter>
    </ClCompile>
    <ClCompile Include="Game\Stage.cpp">
      <Filter>Game</Filter>
    </ClCompile>
    <ClCompile Include="Game\Host.cpp">
      <Filter>Game</Filter>
    </ClCompile>
    <ClCompile Include="Models\ActorGroup.cpp">
      <Filter>Models</Filter>
    </ClCompile>
    <ClCompile Include="Models\AnimationFrames.cpp">
      <Filter>Models</Filter>
    </ClCompile>
    <ClCompile Include="Models\Ground.cpp">
      <Filter>Models</Filter>
    </ClCompile>
    <ClCompile Include="Models\AnimationSpine.cpp">
      <Filter>Models</Filter>
    </ClCompile>
    <ClCompile Include="Models\Actor.cpp">
      <Filter>Models</Filter>
    </ClCompile>
    <ClCompile Include="Physics\Detector.cpp">
      <Filter>Physics</Filter>
    </ClCompile>
    <ClCompile Include="Physics\World.cpp">
      <Filter>Physics</Filter>
    </ClCompile>
    <ClCompile Include="Physics\Body.cpp">
      <Filter>Physics</Filter>
    </ClCompile>
    <ClCompile Include="Game\Modifier.cpp">
      <Filter>Game</Filter>
    </ClCompile>
    <ClCompile Include="Game\Hook.cpp">
      <Filter>Game</Filter>
    </ClCompile>
    <ClCompile Include="Physics\Wall.cpp">
      <Filter>Physics</Filter>
    </ClCompile>
    <ClCompile Include="Models\Shadow.cpp">
      <Filter>Models</Filter>
    </ClCompile>
    <ClCompile Include="Physics\FrictionBody.cpp">
      <Filter>Physics</Filter>
    </ClCompile>
    <ClCompile Include="Main\Creator.cpp">
      <Filter>Main</Filter>
    </ClCompile>
    <ClCompile Include="Main\EntityFactory.cpp">
      <Filter>Main</Filter>
    </ClCompile>
    <ClCompile Include="Main\Initalizator.cpp">
      <Filter>Main</Filter>
    </ClCompile>
    <ClCompile Include="Main\MapHost.cpp">
      <Filter>Main</Filter>
    </ClCompile>
    <ClCompile Include="Main\Mover.cpp">
      <Filter>Main</Filter>
    </ClCompile>
    <ClCompile Include="Main\SummonMngr.cpp">
      <Filter>Main</Filter>
    </ClCompile>
    <ClCompile Include="Main\Tower.cpp">
      <Filter>Main</Filter>
    </ClCompile>
    <ClCompile Include="Units\char_101_sora.cpp">
      <Filter>Units</Filter>
    </ClCompile>
    <ClCompile Include="Units\char_101_sora_actor.cpp">
      <Filter>Units</Filter>
    </ClCompile>
    <ClCompile Include="Units\char_101_sora_factory.cpp">
      <Filter>Units</Filter>
    </ClCompile>
    <ClCompile Include="Units\char_128_plosis.cpp">
      <Filter>Units</Filter>
    </ClCompile>
    <ClCompile Include="Units\char_128_plosis_actor.cpp">
      <Filter>Units</Filter>
    </ClCompile>
    <ClCompile Include="Units\char_128_plosis_factory.cpp">
      <Filter>Units</Filter>
    </ClCompile>
    <ClCompile Include="Units\char_151_myrtle.cpp">
      <Filter>Units</Filter>
    </ClCompile>
    <ClCompile Include="Units\char_151_myrtle_actor.cpp">
      <Filter>Units</Filter>
    </ClCompile>
    <ClCompile Include="Units\char_151_myrtle_factory.cpp">
      <Filter>Units</Filter>
    </ClCompile>
    <ClCompile Include="Units\enemy_1002_nsabr.cpp">
      <Filter>Units</Filter>
    </ClCompile>
    <ClCompile Include="Units\enemy_1002_nsabr_actor.cpp">
      <Filter>Units</Filter>
    </ClCompile>
    <ClCompile Include="Units\enemy_1002_nsabr_factory.cpp">
      <Filter>Units</Filter>
    </ClCompile>
  </ItemGroup>
</Project>