
Microsoft Visual Studio Solution File, Format Version 12.00
# Visual Studio Version 17
VisualStudioVersion = 17.7.34031.279
MinimumVisualStudioVersion = 10.0.40219.1
Project("{8BC9CEB8-8B4A-11D0-8D11-00A0C91BC942}") = "AppWin32", "AppWin32\AppWin32.vcxproj", "{0A2AB57D-278D-480A-8CFB-C845F52A1B68}"
	ProjectSection(ProjectDependencies) = postProject
		{B7822BCA-17B9-4A90-9D99-E9EE7BCC9817} = {B7822BCA-17B9-4A90-9D99-E9EE7BCC9817}
		{D9D24175-DAB1-4D34-BB90-B2FCDA274707} = {D9D24175-DAB1-4D34-BB90-B2FCDA274707}
		{F59181AD-2D22-4BD4-93F9-F0F29C73A19C} = {F59181AD-2D22-4BD4-93F9-F0F29C73A19C}
	EndProjectSection
EndProject
Project("{8BC9CEB8-8B4A-11D0-8D11-00A0C91BC942}") = "GUI", "GUI\GUI.vcxproj", "{D9D24175-DAB1-4D34-BB90-B2FCDA274707}"
EndProject
Project("{8BC9CEB8-8B4A-11D0-8D11-00A0C91BC942}") = "G3D", "G3D\G3D.vcxproj", "{69E94890-4D67-4643-9296-1F50AE8F6F6A}"
EndProject
Project("{8BC9CEB8-8B4A-11D0-8D11-00A0C91BC942}") = "GUI_Activities", "GUI_Activities\GUI_Activities.vcxproj", "{B7822BCA-17B9-4A90-9D99-E9EE7BCC9817}"
	ProjectSection(ProjectDependencies) = postProject
		{69E94890-4D67-4643-9296-1F50AE8F6F6A} = {69E94890-4D67-4643-9296-1F50AE8F6F6A}
		{892FFA24-BE27-4113-9F4B-835736DFA66D} = {892FFA24-BE27-4113-9F4B-835736DFA66D}
		{D9D24175-DAB1-4D34-BB90-B2FCDA274707} = {D9D24175-DAB1-4D34-BB90-B2FCDA274707}
	EndProjectSection
EndProject
Project("{2150E333-8FDC-42A3-9474-1A3956D46DE8}") = "Front", "Front", "{CBA7205C-1B6A-4155-A472-01A9FE9385E6}"
EndProject
Project("{8BC9CEB8-8B4A-11D0-8D11-00A0C91BC942}") = "Game", "Game\Game.vcxproj", "{F59181AD-2D22-4BD4-93F9-F0F29C73A19C}"
EndProject
Project("{2150E333-8FDC-42A3-9474-1A3956D46DE8}") = "Back", "Back", "{D4CDAFE5-EAD6-4AAE-8152-4E276C79437B}"
EndProject
Project("{8BC9CEB8-8B4A-11D0-8D11-00A0C91BC942}") = "GameGraphics", "GameGraphics\GameGraphics.vcxproj", "{892FFA24-BE27-4113-9F4B-835736DFA66D}"
	ProjectSection(ProjectDependencies) = postProject
		{69E94890-4D67-4643-9296-1F50AE8F6F6A} = {69E94890-4D67-4643-9296-1F50AE8F6F6A}
		{F59181AD-2D22-4BD4-93F9-F0F29C73A19C} = {F59181AD-2D22-4BD4-93F9-F0F29C73A19C}
	EndProjectSection
EndProject
Global
	GlobalSection(SolutionConfigurationPlatforms) = preSolution
		Debug|x64 = Debug|x64
		Debug|x86 = Debug|x86
		Lim-De|x64 = Lim-De|x64
		Lim-De|x86 = Lim-De|x86
		Lim-Rel|x64 = Lim-Rel|x64
		Lim-Rel|x86 = Lim-Rel|x86
		Release|x64 = Release|x64
		Release|x86 = Release|x86
	EndGlobalSection
	GlobalSection(ProjectConfigurationPlatforms) = postSolution
		{0A2AB57D-278D-480A-8CFB-C845F52A1B68}.Debug|x64.ActiveCfg = Debug|x64
		{0A2AB57D-278D-480A-8CFB-C845F52A1B68}.Debug|x64.Build.0 = Debug|x64
		{0A2AB57D-278D-480A-8CFB-C845F52A1B68}.Debug|x86.ActiveCfg = Debug|Win32
		{0A2AB57D-278D-480A-8CFB-C845F52A1B68}.Debug|x86.Build.0 = Debug|Win32
		{0A2AB57D-278D-480A-8CFB-C845F52A1B68}.Lim-De|x64.ActiveCfg = Debug|x64
		{0A2AB57D-278D-480A-8CFB-C845F52A1B68}.Lim-De|x64.Build.0 = Debug|x64
		{0A2AB57D-278D-480A-8CFB-C845F52A1B68}.Lim-De|x86.ActiveCfg = Debug|Win32
		{0A2AB57D-278D-480A-8CFB-C845F52A1B68}.Lim-De|x86.Build.0 = Debug|Win32
		{0A2AB57D-278D-480A-8CFB-C845F52A1B68}.Lim-Rel|x64.ActiveCfg = Release|x64
		{0A2AB57D-278D-480A-8CFB-C845F52A1B68}.Lim-Rel|x64.Build.0 = Release|x64
		{0A2AB57D-278D-480A-8CFB-C845F52A1B68}.Lim-Rel|x86.ActiveCfg = Release|Win32
		{0A2AB57D-278D-480A-8CFB-C845F52A1B68}.Lim-Rel|x86.Build.0 = Release|Win32
		{0A2AB57D-278D-480A-8CFB-C845F52A1B68}.Release|x64.ActiveCfg = Release|x64
		{0A2AB57D-278D-480A-8CFB-C845F52A1B68}.Release|x64.Build.0 = Release|x64
		{0A2AB57D-278D-480A-8CFB-C845F52A1B68}.Release|x86.ActiveCfg = Release|Win32
		{0A2AB57D-278D-480A-8CFB-C845F52A1B68}.Release|x86.Build.0 = Release|Win32
		{D9D24175-DAB1-4D34-BB90-B2FCDA274707}.Debug|x64.ActiveCfg = Debug|x64
		{D9D24175-DAB1-4D34-BB90-B2FCDA274707}.Debug|x64.Build.0 = Debug|x64
		{D9D24175-DAB1-4D34-BB90-B2FCDA274707}.Debug|x86.ActiveCfg = Debug|Win32
		{D9D24175-DAB1-4D34-BB90-B2FCDA274707}.Debug|x86.Build.0 = Debug|Win32
		{D9D24175-DAB1-4D34-BB90-B2FCDA274707}.Lim-De|x64.ActiveCfg = Debug|x64
		{D9D24175-DAB1-4D34-BB90-B2FCDA274707}.Lim-De|x64.Build.0 = Debug|x64
		{D9D24175-DAB1-4D34-BB90-B2FCDA274707}.Lim-De|x86.ActiveCfg = Debug|Win32
		{D9D24175-DAB1-4D34-BB90-B2FCDA274707}.Lim-De|x86.Build.0 = Debug|Win32
		{D9D24175-DAB1-4D34-BB90-B2FCDA274707}.Lim-Rel|x64.ActiveCfg = Release|x64
		{D9D24175-DAB1-4D34-BB90-B2FCDA274707}.Lim-Rel|x64.Build.0 = Release|x64
		{D9D24175-DAB1-4D34-BB90-B2FCDA274707}.Lim-Rel|x86.ActiveCfg = Release|Win32
		{D9D24175-DAB1-4D34-BB90-B2FCDA274707}.Lim-Rel|x86.Build.0 = Release|Win32
		{D9D24175-DAB1-4D34-BB90-B2FCDA274707}.Release|x64.ActiveCfg = Release|x64
		{D9D24175-DAB1-4D34-BB90-B2FCDA274707}.Release|x64.Build.0 = Release|x64
		{D9D24175-DAB1-4D34-BB90-B2FCDA274707}.Release|x86.ActiveCfg = Release|Win32
		{D9D24175-DAB1-4D34-BB90-B2FCDA274707}.Release|x86.Build.0 = Release|Win32
		{69E94890-4D67-4643-9296-1F50AE8F6F6A}.Debug|x64.ActiveCfg = Debug|x64
		{69E94890-4D67-4643-9296-1F50AE8F6F6A}.Debug|x64.Build.0 = Debug|x64
		{69E94890-4D67-4643-9296-1F50AE8F6F6A}.Debug|x86.ActiveCfg = Debug|Win32
		{69E94890-4D67-4643-9296-1F50AE8F6F6A}.Debug|x86.Build.0 = Debug|Win32
		{69E94890-4D67-4643-9296-1F50AE8F6F6A}.Lim-De|x64.ActiveCfg = Debug|x64
		{69E94890-4D67-4643-9296-1F50AE8F6F6A}.Lim-De|x64.Build.0 = Debug|x64
		{69E94890-4D67-4643-9296-1F50AE8F6F6A}.Lim-De|x86.ActiveCfg = Debug|Win32
		{69E94890-4D67-4643-9296-1F50AE8F6F6A}.Lim-De|x86.Build.0 = Debug|Win32
		{69E94890-4D67-4643-9296-1F50AE8F6F6A}.Lim-Rel|x64.ActiveCfg = Release|x64
		{69E94890-4D67-4643-9296-1F50AE8F6F6A}.Lim-Rel|x64.Build.0 = Release|x64
		{69E94890-4D67-4643-9296-1F50AE8F6F6A}.Lim-Rel|x86.ActiveCfg = Release|Win32
		{69E94890-4D67-4643-9296-1F50AE8F6F6A}.Lim-Rel|x86.Build.0 = Release|Win32
		{69E94890-4D67-4643-9296-1F50AE8F6F6A}.Release|x64.ActiveCfg = Release|x64
		{69E94890-4D67-4643-9296-1F50AE8F6F6A}.Release|x64.Build.0 = Release|x64
		{69E94890-4D67-4643-9296-1F50AE8F6F6A}.Release|x86.ActiveCfg = Release|Win32
		{69E94890-4D67-4643-9296-1F50AE8F6F6A}.Release|x86.Build.0 = Release|Win32
		{B7822BCA-17B9-4A90-9D99-E9EE7BCC9817}.Debug|x64.ActiveCfg = Debug|x64
		{B7822BCA-17B9-4A90-9D99-E9EE7BCC9817}.Debug|x64.Build.0 = Debug|x64
		{B7822BCA-17B9-4A90-9D99-E9EE7BCC9817}.Debug|x86.ActiveCfg = Debug|Win32
		{B7822BCA-17B9-4A90-9D99-E9EE7BCC9817}.Debug|x86.Build.0 = Debug|Win32
		{B7822BCA-17B9-4A90-9D99-E9EE7BCC9817}.Lim-De|x64.ActiveCfg = Debug|x64
		{B7822BCA-17B9-4A90-9D99-E9EE7BCC9817}.Lim-De|x64.Build.0 = Debug|x64
		{B7822BCA-17B9-4A90-9D99-E9EE7BCC9817}.Lim-De|x86.ActiveCfg = Debug|Win32
		{B7822BCA-17B9-4A90-9D99-E9EE7BCC9817}.Lim-De|x86.Build.0 = Debug|Win32
		{B7822BCA-17B9-4A90-9D99-E9EE7BCC9817}.Lim-Rel|x64.ActiveCfg = Release|x64
		{B7822BCA-17B9-4A90-9D99-E9EE7BCC9817}.Lim-Rel|x64.Build.0 = Release|x64
		{B7822BCA-17B9-4A90-9D99-E9EE7BCC9817}.Lim-Rel|x86.ActiveCfg = Release|Win32
		{B7822BCA-17B9-4A90-9D99-E9EE7BCC9817}.Lim-Rel|x86.Build.0 = Release|Win32
		{B7822BCA-17B9-4A90-9D99-E9EE7BCC9817}.Release|x64.ActiveCfg = Release|x64
		{B7822BCA-17B9-4A90-9D99-E9EE7BCC9817}.Release|x64.Build.0 = Release|x64
		{B7822BCA-17B9-4A90-9D99-E9EE7BCC9817}.Release|x86.ActiveCfg = Release|Win32
		{B7822BCA-17B9-4A90-9D99-E9EE7BCC9817}.Release|x86.Build.0 = Release|Win32
		{F59181AD-2D22-4BD4-93F9-F0F29C73A19C}.Debug|x64.ActiveCfg = Debug|x64
		{F59181AD-2D22-4BD4-93F9-F0F29C73A19C}.Debug|x64.Build.0 = Debug|x64
		{F59181AD-2D22-4BD4-93F9-F0F29C73A19C}.Debug|x86.ActiveCfg = Debug|Win32
		{F59181AD-2D22-4BD4-93F9-F0F29C73A19C}.Debug|x86.Build.0 = Debug|Win32
		{F59181AD-2D22-4BD4-93F9-F0F29C73A19C}.Lim-De|x64.ActiveCfg = Debug|x64
		{F59181AD-2D22-4BD4-93F9-F0F29C73A19C}.Lim-De|x64.Build.0 = Debug|x64
		{F59181AD-2D22-4BD4-93F9-F0F29C73A19C}.Lim-De|x86.ActiveCfg = Debug|Win32
		{F59181AD-2D22-4BD4-93F9-F0F29C73A19C}.Lim-De|x86.Build.0 = Debug|Win32
		{F59181AD-2D22-4BD4-93F9-F0F29C73A19C}.Lim-Rel|x64.ActiveCfg = Debug|x64
		{F59181AD-2D22-4BD4-93F9-F0F29C73A19C}.Lim-Rel|x64.Build.0 = Debug|x64
		{F59181AD-2D22-4BD4-93F9-F0F29C73A19C}.Lim-Rel|x86.ActiveCfg = Debug|Win32
		{F59181AD-2D22-4BD4-93F9-F0F29C73A19C}.Lim-Rel|x86.Build.0 = Debug|Win32
		{F59181AD-2D22-4BD4-93F9-F0F29C73A19C}.Release|x64.ActiveCfg = Release|x64
		{F59181AD-2D22-4BD4-93F9-F0F29C73A19C}.Release|x64.Build.0 = Release|x64
		{F59181AD-2D22-4BD4-93F9-F0F29C73A19C}.Release|x86.ActiveCfg = Release|Win32
		{F59181AD-2D22-4BD4-93F9-F0F29C73A19C}.Release|x86.Build.0 = Release|Win32
		{892FFA24-BE27-4113-9F4B-835736DFA66D}.Debug|x64.ActiveCfg = Debug|x64
		{892FFA24-BE27-4113-9F4B-835736DFA66D}.Debug|x64.Build.0 = Debug|x64
		{892FFA24-BE27-4113-9F4B-835736DFA66D}.Debug|x86.ActiveCfg = Debug|Win32
		{892FFA24-BE27-4113-9F4B-835736DFA66D}.Debug|x86.Build.0 = Debug|Win32
		{892FFA24-BE27-4113-9F4B-835736DFA66D}.Lim-De|x64.ActiveCfg = Debug|x64
		{892FFA24-BE27-4113-9F4B-835736DFA66D}.Lim-De|x64.Build.0 = Debug|x64
		{892FFA24-BE27-4113-9F4B-835736DFA66D}.Lim-De|x86.ActiveCfg = Debug|Win32
		{892FFA24-BE27-4113-9F4B-835736DFA66D}.Lim-De|x86.Build.0 = Debug|Win32
		{892FFA24-BE27-4113-9F4B-835736DFA66D}.Lim-Rel|x64.ActiveCfg = Debug|x64
		{892FFA24-BE27-4113-9F4B-835736DFA66D}.Lim-Rel|x64.Build.0 = Debug|x64
		{892FFA24-BE27-4113-9F4B-835736DFA66D}.Lim-Rel|x86.ActiveCfg = Debug|Win32
		{892FFA24-BE27-4113-9F4B-835736DFA66D}.Lim-Rel|x86.Build.0 = Debug|Win32
		{892FFA24-BE27-4113-9F4B-835736DFA66D}.Release|x64.ActiveCfg = Release|x64
		{892FFA24-BE27-4113-9F4B-835736DFA66D}.Release|x64.Build.0 = Release|x64
		{892FFA24-BE27-4113-9F4B-835736DFA66D}.Release|x86.ActiveCfg = Release|Win32
		{892FFA24-BE27-4113-9F4B-835736DFA66D}.Release|x86.Build.0 = Release|Win32
	EndGlobalSection
	GlobalSection(SolutionProperties) = preSolution
		HideSolutionNode = FALSE
	EndGlobalSection
	GlobalSection(NestedProjects) = preSolution
		{D9D24175-DAB1-4D34-BB90-B2FCDA274707} = {CBA7205C-1B6A-4155-A472-01A9FE9385E6}
		{69E94890-4D67-4643-9296-1F50AE8F6F6A} = {CBA7205C-1B6A-4155-A472-01A9FE9385E6}
		{B7822BCA-17B9-4A90-9D99-E9EE7BCC9817} = {CBA7205C-1B6A-4155-A472-01A9FE9385E6}
		{F59181AD-2D22-4BD4-93F9-F0F29C73A19C} = {D4CDAFE5-EAD6-4AAE-8152-4E276C79437B}
		{892FFA24-BE27-4113-9F4B-835736DFA66D} = {CBA7205C-1B6A-4155-A472-01A9FE9385E6}
	EndGlobalSection
	GlobalSection(ExtensibilityGlobals) = postSolution
		SolutionGuid = {7C3B5D2A-DB23-4F45-AB35-4E297D2B14D5}
	EndGlobalSection
EndGlobal
